
Microsoft Visual Studio Solution File, Format Version 12.00
# Visual Studio Version 17
VisualStudioVersion = 17.7.34031.279
MinimumVisualStudioVersion = 10.0.40219.1
Project("{FAE04EC0-301F-11D3-BF4B-00C04F79EFBC}") = "Problem1", "Problem1\Problem1.csproj", "{4784CA40-D57B-40A3-B585-AE5E46674FF1}"
EndProject
Project("{FAE04EC0-301F-11D3-BF4B-00C04F79EFBC}") = "Problem2", "Problem2\Problem2.csproj", "{58340BA1-B956-426D-AF5D-C7A3476487D3}"
EndProject
Global
	GlobalSection(SolutionConfigurationPlatforms) = preSolution
		Debug|Any CPU = Debug|Any CPU
		Release|Any CPU = Release|Any CPU
	EndGlobalSection
	GlobalSection(ProjectConfigurationPlatforms) = postSolution
		{4784CA40-D57B-40A3-B585-AE5E46674FF1}.Debug|Any CPU.ActiveCfg = Debug|Any CPU
		{4784CA40-D57B-40A3-B585-AE5E46674FF1}.Debug|Any CPU.Build.0 = Debug|Any CPU
		{4784CA40-D57B-40A3-B585-AE5E46674FF1}.Release|Any CPU.ActiveCfg = Release|Any CPU
		{4784CA40-D57B-40A3-B585-AE5E46674FF1}.Release|Any CPU.Build.0 = Release|Any CPU
		{58340BA1-B956-426D-AF5D-C7A3476487D3}.Debug|Any CPU.ActiveCfg = Debug|Any CPU
		{58340BA1-B956-426D-AF5D-C7A3476487D3}.Debug|Any CPU.Build.0 = Debug|Any CPU
		{58340BA1-B956-426D-AF5D-C7A3476487D3}.Release|Any CPU.ActiveCfg = Release|Any CPU
		{58340BA1-B956-426D-AF5D-C7A3476487D3}.Release|Any CPU.Build.0 = Release|Any CPU
	EndGlobalSection
	GlobalSection(SolutionProperties) = preSolution
		HideSolutionNode = FALSE
	EndGlobalSection
	GlobalSection(ExtensibilityGlobals) = postSolution
		SolutionGuid = {5410F08A-093E-407F-9DE6-53B2E8F9F01F}
	EndGlobalSection
EndGlobal
